// !$*UTF8*$!
{
	archiveVersion = 1;
	classes = {
	};
	objectVersion = 55;
	objects = {

/* Begin PBXBuildFile section */
		D22DD1682768B6D300558C77 /* SubscriptionPressedView.swift in Sources */ = {isa = PBXBuildFile; fileRef = D22DD1672768B6D300558C77 /* SubscriptionPressedView.swift */; };
		D24C4CF02767438F00296EF8 /* TicketView.swift in Sources */ = {isa = PBXBuildFile; fileRef = D24C4CEF2767438F00296EF8 /* TicketView.swift */; };
		D24C4CF227676A5200296EF8 /* PressedView.swift in Sources */ = {isa = PBXBuildFile; fileRef = D24C4CF127676A5200296EF8 /* PressedView.swift */; };
		D269A9232769E36900D778E0 /* DataController.swift in Sources */ = {isa = PBXBuildFile; fileRef = D269A9222769E36900D778E0 /* DataController.swift */; };
		D269A9252769FA3000D778E0 /* StringExtension.swift in Sources */ = {isa = PBXBuildFile; fileRef = D269A9242769FA3000D778E0 /* StringExtension.swift */; };
		D27EADEA276B52E90084B751 /* PlaceholderView.swift in Sources */ = {isa = PBXBuildFile; fileRef = D27EADE9276B52E90084B751 /* PlaceholderView.swift */; };
		D29928B527629B9E00059A39 /* UnicoApp.swift in Sources */ = {isa = PBXBuildFile; fileRef = D29928B427629B9E00059A39 /* UnicoApp.swift */; };
		D29928B927629BA000059A39 /* Assets.xcassets in Resources */ = {isa = PBXBuildFile; fileRef = D29928B827629BA000059A39 /* Assets.xcassets */; };
		D29928BC27629BA000059A39 /* Preview Assets.xcassets in Resources */ = {isa = PBXBuildFile; fileRef = D29928BB27629BA000059A39 /* Preview Assets.xcassets */; };
		D29928C127629BA000059A39 /* Unico.xcdatamodeld in Sources */ = {isa = PBXBuildFile; fileRef = D29928BF27629BA000059A39 /* Unico.xcdatamodeld */; };
		D29928CB27629BA000059A39 /* UnicoTests.swift in Sources */ = {isa = PBXBuildFile; fileRef = D29928CA27629BA000059A39 /* UnicoTests.swift */; };
		D29928D527629BA000059A39 /* UnicoUITests.swift in Sources */ = {isa = PBXBuildFile; fileRef = D29928D427629BA000059A39 /* UnicoUITests.swift */; };
		D29928D727629BA000059A39 /* UnicoUITestsLaunchTests.swift in Sources */ = {isa = PBXBuildFile; fileRef = D29928D627629BA000059A39 /* UnicoUITestsLaunchTests.swift */; };
		D29928E427629C3200059A39 /* TicketsView.swift in Sources */ = {isa = PBXBuildFile; fileRef = D29928E327629C3200059A39 /* TicketsView.swift */; };
		D29928E627629F4800059A39 /* MainView.swift in Sources */ = {isa = PBXBuildFile; fileRef = D29928E527629F4800059A39 /* MainView.swift */; };
		D29928E827629FB200059A39 /* RoutesView.swift in Sources */ = {isa = PBXBuildFile; fileRef = D29928E727629FB200059A39 /* RoutesView.swift */; };
		D29928EA27629FBB00059A39 /* ProfileView.swift in Sources */ = {isa = PBXBuildFile; fileRef = D29928E927629FBB00059A39 /* ProfileView.swift */; };
		D29928EC2762A61800059A39 /* ColorExtension.swift in Sources */ = {isa = PBXBuildFile; fileRef = D29928EB2762A61800059A39 /* ColorExtension.swift */; };
		D29928EE2762A71B00059A39 /* ChoiceModal.swift in Sources */ = {isa = PBXBuildFile; fileRef = D29928ED2762A71B00059A39 /* ChoiceModal.swift */; };
		D29928F02762C48900059A39 /* BuyView.swift in Sources */ = {isa = PBXBuildFile; fileRef = D29928EF2762C48900059A39 /* BuyView.swift */; };
		D29928F22762C49400059A39 /* AcquireView.swift in Sources */ = {isa = PBXBuildFile; fileRef = D29928F12762C49400059A39 /* AcquireView.swift */; };
		D2B4A0C627657D0C00E6F78A /* QrCodeScannerView.swift in Sources */ = {isa = PBXBuildFile; fileRef = D2B4A0C527657D0C00E6F78A /* QrCodeScannerView.swift */; };
		D2B4A0CA27657E2800E6F78A /* QrCodeCameraDelegate.swift in Sources */ = {isa = PBXBuildFile; fileRef = D2B4A0C927657E2800E6F78A /* QrCodeCameraDelegate.swift */; };
		D2B4A0CC27657E5300E6F78A /* CameraPreview.swift in Sources */ = {isa = PBXBuildFile; fileRef = D2B4A0CB27657E5300E6F78A /* CameraPreview.swift */; };
		D2E2B44827689922005A887D /* SubscriptionView.swift in Sources */ = {isa = PBXBuildFile; fileRef = D2E2B44727689922005A887D /* SubscriptionView.swift */; };
/* End PBXBuildFile section */

/* Begin PBXContainerItemProxy section */
		D29928C727629BA000059A39 /* PBXContainerItemProxy */ = {
			isa = PBXContainerItemProxy;
			containerPortal = D29928A927629B9E00059A39 /* Project object */;
			proxyType = 1;
			remoteGlobalIDString = D29928B027629B9E00059A39;
			remoteInfo = Unico;
		};
		D29928D127629BA000059A39 /* PBXContainerItemProxy */ = {
			isa = PBXContainerItemProxy;
			containerPortal = D29928A927629B9E00059A39 /* Project object */;
			proxyType = 1;
			remoteGlobalIDString = D29928B027629B9E00059A39;
			remoteInfo = Unico;
		};
/* End PBXContainerItemProxy section */

/* Begin PBXFileReference section */
		D22DD1672768B6D300558C77 /* SubscriptionPressedView.swift */ = {isa = PBXFileReference; lastKnownFileType = sourcecode.swift; path = SubscriptionPressedView.swift; sourceTree = "<group>"; };
		D24C4CEF2767438F00296EF8 /* TicketView.swift */ = {isa = PBXFileReference; lastKnownFileType = sourcecode.swift; path = TicketView.swift; sourceTree = "<group>"; };
		D24C4CF127676A5200296EF8 /* PressedView.swift */ = {isa = PBXFileReference; lastKnownFileType = sourcecode.swift; path = PressedView.swift; sourceTree = "<group>"; };
		D269A9222769E36900D778E0 /* DataController.swift */ = {isa = PBXFileReference; lastKnownFileType = sourcecode.swift; path = DataController.swift; sourceTree = "<group>"; };
		D269A9242769FA3000D778E0 /* StringExtension.swift */ = {isa = PBXFileReference; lastKnownFileType = sourcecode.swift; path = StringExtension.swift; sourceTree = "<group>"; };
		D27EADE9276B52E90084B751 /* PlaceholderView.swift */ = {isa = PBXFileReference; lastKnownFileType = sourcecode.swift; path = PlaceholderView.swift; sourceTree = "<group>"; };
		D29928B127629B9E00059A39 /* Unico.app */ = {isa = PBXFileReference; explicitFileType = wrapper.application; includeInIndex = 0; path = Unico.app; sourceTree = BUILT_PRODUCTS_DIR; };
		D29928B427629B9E00059A39 /* UnicoApp.swift */ = {isa = PBXFileReference; lastKnownFileType = sourcecode.swift; path = UnicoApp.swift; sourceTree = "<group>"; };
		D29928B827629BA000059A39 /* Assets.xcassets */ = {isa = PBXFileReference; lastKnownFileType = folder.assetcatalog; path = Assets.xcassets; sourceTree = "<group>"; };
		D29928BB27629BA000059A39 /* Preview Assets.xcassets */ = {isa = PBXFileReference; lastKnownFileType = folder.assetcatalog; path = "Preview Assets.xcassets"; sourceTree = "<group>"; };
		D29928C027629BA000059A39 /* Unico.xcdatamodel */ = {isa = PBXFileReference; lastKnownFileType = wrapper.xcdatamodel; path = Unico.xcdatamodel; sourceTree = "<group>"; };
		D29928C627629BA000059A39 /* UnicoTests.xctest */ = {isa = PBXFileReference; explicitFileType = wrapper.cfbundle; includeInIndex = 0; path = UnicoTests.xctest; sourceTree = BUILT_PRODUCTS_DIR; };
		D29928CA27629BA000059A39 /* UnicoTests.swift */ = {isa = PBXFileReference; lastKnownFileType = sourcecode.swift; path = UnicoTests.swift; sourceTree = "<group>"; };
		D29928D027629BA000059A39 /* UnicoUITests.xctest */ = {isa = PBXFileReference; explicitFileType = wrapper.cfbundle; includeInIndex = 0; path = UnicoUITests.xctest; sourceTree = BUILT_PRODUCTS_DIR; };
		D29928D427629BA000059A39 /* UnicoUITests.swift */ = {isa = PBXFileReference; lastKnownFileType = sourcecode.swift; path = UnicoUITests.swift; sourceTree = "<group>"; };
		D29928D627629BA000059A39 /* UnicoUITestsLaunchTests.swift */ = {isa = PBXFileReference; lastKnownFileType = sourcecode.swift; path = UnicoUITestsLaunchTests.swift; sourceTree = "<group>"; };
		D29928E327629C3200059A39 /* TicketsView.swift */ = {isa = PBXFileReference; lastKnownFileType = sourcecode.swift; path = TicketsView.swift; sourceTree = "<group>"; };
		D29928E527629F4800059A39 /* MainView.swift */ = {isa = PBXFileReference; lastKnownFileType = sourcecode.swift; path = MainView.swift; sourceTree = "<group>"; };
		D29928E727629FB200059A39 /* RoutesView.swift */ = {isa = PBXFileReference; lastKnownFileType = sourcecode.swift; path = RoutesView.swift; sourceTree = "<group>"; };
		D29928E927629FBB00059A39 /* ProfileView.swift */ = {isa = PBXFileReference; lastKnownFileType = sourcecode.swift; path = ProfileView.swift; sourceTree = "<group>"; };
		D29928EB2762A61800059A39 /* ColorExtension.swift */ = {isa = PBXFileReference; lastKnownFileType = sourcecode.swift; path = ColorExtension.swift; sourceTree = "<group>"; };
		D29928ED2762A71B00059A39 /* ChoiceModal.swift */ = {isa = PBXFileReference; lastKnownFileType = sourcecode.swift; path = ChoiceModal.swift; sourceTree = "<group>"; };
		D29928EF2762C48900059A39 /* BuyView.swift */ = {isa = PBXFileReference; lastKnownFileType = sourcecode.swift; path = BuyView.swift; sourceTree = "<group>"; };
		D29928F12762C49400059A39 /* AcquireView.swift */ = {isa = PBXFileReference; lastKnownFileType = sourcecode.swift; path = AcquireView.swift; sourceTree = "<group>"; };
		D2B4A0C527657D0C00E6F78A /* QrCodeScannerView.swift */ = {isa = PBXFileReference; lastKnownFileType = sourcecode.swift; path = QrCodeScannerView.swift; sourceTree = "<group>"; };
		D2B4A0C927657E2800E6F78A /* QrCodeCameraDelegate.swift */ = {isa = PBXFileReference; lastKnownFileType = sourcecode.swift; path = QrCodeCameraDelegate.swift; sourceTree = "<group>"; };
		D2B4A0CB27657E5300E6F78A /* CameraPreview.swift */ = {isa = PBXFileReference; lastKnownFileType = sourcecode.swift; path = CameraPreview.swift; sourceTree = "<group>"; };
		D2E2B44727689922005A887D /* SubscriptionView.swift */ = {isa = PBXFileReference; lastKnownFileType = sourcecode.swift; path = SubscriptionView.swift; sourceTree = "<group>"; };
		D2FDC584276BBE350076D70C /* Info.plist */ = {isa = PBXFileReference; lastKnownFileType = text.plist; path = Info.plist; sourceTree = "<group>"; };
/* End PBXFileReference section */

/* Begin PBXFrameworksBuildPhase section */
		D29928AE27629B9E00059A39 /* Frameworks */ = {
			isa = PBXFrameworksBuildPhase;
			buildActionMask = 2147483647;
			files = (
			);
			runOnlyForDeploymentPostprocessing = 0;
		};
		D29928C327629BA000059A39 /* Frameworks */ = {
			isa = PBXFrameworksBuildPhase;
			buildActionMask = 2147483647;
			files = (
			);
			runOnlyForDeploymentPostprocessing = 0;
		};
		D29928CD27629BA000059A39 /* Frameworks */ = {
			isa = PBXFrameworksBuildPhase;
			buildActionMask = 2147483647;
			files = (
			);
			runOnlyForDeploymentPostprocessing = 0;
		};
/* End PBXFrameworksBuildPhase section */

/* Begin PBXGroup section */
		D29928A827629B9E00059A39 = {
			isa = PBXGroup;
			children = (
				D29928B327629B9E00059A39 /* Unico */,
				D29928C927629BA000059A39 /* UnicoTests */,
				D29928D327629BA000059A39 /* UnicoUITests */,
				D29928B227629B9E00059A39 /* Products */,
			);
			sourceTree = "<group>";
		};
		D29928B227629B9E00059A39 /* Products */ = {
			isa = PBXGroup;
			children = (
				D29928B127629B9E00059A39 /* Unico.app */,
				D29928C627629BA000059A39 /* UnicoTests.xctest */,
				D29928D027629BA000059A39 /* UnicoUITests.xctest */,
			);
			name = Products;
			sourceTree = "<group>";
		};
		D29928B327629B9E00059A39 /* Unico */ = {
			isa = PBXGroup;
			children = (
				D2FDC584276BBE350076D70C /* Info.plist */,
				D29928B427629B9E00059A39 /* UnicoApp.swift */,
				D29928E527629F4800059A39 /* MainView.swift */,
				D2FDC581276BBA200076D70C /* Tickets */,
				D2B4A0CE2765840C00E6F78A /* Routes */,
				D2B4A0CF2765841F00E6F78A /* Profile */,
				D2B4A0CD276583E800E6F78A /* Scanner */,
				D2B4A0D02765844300E6F78A /* Extensions */,
				D29928B827629BA000059A39 /* Assets.xcassets */,
				D269A9222769E36900D778E0 /* DataController.swift */,
				D29928BF27629BA000059A39 /* Unico.xcdatamodeld */,
				D29928BA27629BA000059A39 /* Preview Content */,
			);
			path = Unico;
			sourceTree = "<group>";
		};
		D29928BA27629BA000059A39 /* Preview Content */ = {
			isa = PBXGroup;
			children = (
				D29928BB27629BA000059A39 /* Preview Assets.xcassets */,
			);
			path = "Preview Content";
			sourceTree = "<group>";
		};
		D29928C927629BA000059A39 /* UnicoTests */ = {
			isa = PBXGroup;
			children = (
				D29928CA27629BA000059A39 /* UnicoTests.swift */,
			);
			path = UnicoTests;
			sourceTree = "<group>";
		};
		D29928D327629BA000059A39 /* UnicoUITests */ = {
			isa = PBXGroup;
			children = (
				D29928D427629BA000059A39 /* UnicoUITests.swift */,
				D29928D627629BA000059A39 /* UnicoUITestsLaunchTests.swift */,
			);
			path = UnicoUITests;
			sourceTree = "<group>";
		};
		D2B4A0CD276583E800E6F78A /* Scanner */ = {
			isa = PBXGroup;
			children = (
				D2B4A0C527657D0C00E6F78A /* QrCodeScannerView.swift */,
				D2B4A0CB27657E5300E6F78A /* CameraPreview.swift */,
				D2B4A0C927657E2800E6F78A /* QrCodeCameraDelegate.swift */,
			);
			path = Scanner;
			sourceTree = "<group>";
		};
		D2B4A0CE2765840C00E6F78A /* Routes */ = {
			isa = PBXGroup;
			children = (
				D29928E727629FB200059A39 /* RoutesView.swift */,
			);
			path = Routes;
			sourceTree = "<group>";
		};
		D2B4A0CF2765841F00E6F78A /* Profile */ = {
			isa = PBXGroup;
			children = (
				D29928E927629FBB00059A39 /* ProfileView.swift */,
			);
			path = Profile;
			sourceTree = "<group>";
		};
		D2B4A0D02765844300E6F78A /* Extensions */ = {
			isa = PBXGroup;
			children = (
				D29928EB2762A61800059A39 /* ColorExtension.swift */,
				D269A9242769FA3000D778E0 /* StringExtension.swift */,
			);
			path = Extensions;
			sourceTree = "<group>";
		};
		D2FDC581276BBA200076D70C /* Tickets */ = {
			isa = PBXGroup;
			children = (
				D29928E327629C3200059A39 /* TicketsView.swift */,
				D27EADE9276B52E90084B751 /* PlaceholderView.swift */,
				D24C4CEF2767438F00296EF8 /* TicketView.swift */,
				D24C4CF127676A5200296EF8 /* PressedView.swift */,
				D2E2B44727689922005A887D /* SubscriptionView.swift */,
				D22DD1672768B6D300558C77 /* SubscriptionPressedView.swift */,
				D29928ED2762A71B00059A39 /* ChoiceModal.swift */,
				D29928EF2762C48900059A39 /* BuyView.swift */,
				D29928F12762C49400059A39 /* AcquireView.swift */,
			);
			path = Tickets;
			sourceTree = "<group>";
		};
/* End PBXGroup section */

/* Begin PBXNativeTarget section */
		D29928B027629B9E00059A39 /* Unico */ = {
			isa = PBXNativeTarget;
			buildConfigurationList = D29928DA27629BA000059A39 /* Build configuration list for PBXNativeTarget "Unico" */;
			buildPhases = (
				D29928AD27629B9E00059A39 /* Sources */,
				D29928AE27629B9E00059A39 /* Frameworks */,
				D29928AF27629B9E00059A39 /* Resources */,
			);
			buildRules = (
			);
			dependencies = (
			);
			name = Unico;
			productName = Unico;
			productReference = D29928B127629B9E00059A39 /* Unico.app */;
			productType = "com.apple.product-type.application";
		};
		D29928C527629BA000059A39 /* UnicoTests */ = {
			isa = PBXNativeTarget;
			buildConfigurationList = D29928DD27629BA000059A39 /* Build configuration list for PBXNativeTarget "UnicoTests" */;
			buildPhases = (
				D29928C227629BA000059A39 /* Sources */,
				D29928C327629BA000059A39 /* Frameworks */,
				D29928C427629BA000059A39 /* Resources */,
			);
			buildRules = (
			);
			dependencies = (
				D29928C827629BA000059A39 /* PBXTargetDependency */,
			);
			name = UnicoTests;
			productName = UnicoTests;
			productReference = D29928C627629BA000059A39 /* UnicoTests.xctest */;
			productType = "com.apple.product-type.bundle.unit-test";
		};
		D29928CF27629BA000059A39 /* UnicoUITests */ = {
			isa = PBXNativeTarget;
			buildConfigurationList = D29928E027629BA000059A39 /* Build configuration list for PBXNativeTarget "UnicoUITests" */;
			buildPhases = (
				D29928CC27629BA000059A39 /* Sources */,
				D29928CD27629BA000059A39 /* Frameworks */,
				D29928CE27629BA000059A39 /* Resources */,
			);
			buildRules = (
			);
			dependencies = (
				D29928D227629BA000059A39 /* PBXTargetDependency */,
			);
			name = UnicoUITests;
			productName = UnicoUITests;
			productReference = D29928D027629BA000059A39 /* UnicoUITests.xctest */;
			productType = "com.apple.product-type.bundle.ui-testing";
		};
/* End PBXNativeTarget section */

/* Begin PBXProject section */
		D29928A927629B9E00059A39 /* Project object */ = {
			isa = PBXProject;
			attributes = {
				BuildIndependentTargetsInParallel = 1;
				LastSwiftUpdateCheck = 1310;
				LastUpgradeCheck = 1310;
				TargetAttributes = {
					D29928B027629B9E00059A39 = {
						CreatedOnToolsVersion = 13.1;
					};
					D29928C527629BA000059A39 = {
						CreatedOnToolsVersion = 13.1;
						TestTargetID = D29928B027629B9E00059A39;
					};
					D29928CF27629BA000059A39 = {
						CreatedOnToolsVersion = 13.1;
						TestTargetID = D29928B027629B9E00059A39;
					};
				};
			};
			buildConfigurationList = D29928AC27629B9E00059A39 /* Build configuration list for PBXProject "Unico" */;
			compatibilityVersion = "Xcode 13.0";
			developmentRegion = en;
			hasScannedForEncodings = 0;
			knownRegions = (
				en,
				Base,
			);
			mainGroup = D29928A827629B9E00059A39;
			productRefGroup = D29928B227629B9E00059A39 /* Products */;
			projectDirPath = "";
			projectRoot = "";
			targets = (
				D29928B027629B9E00059A39 /* Unico */,
				D29928C527629BA000059A39 /* UnicoTests */,
				D29928CF27629BA000059A39 /* UnicoUITests */,
			);
		};
/* End PBXProject section */

/* Begin PBXResourcesBuildPhase section */
		D29928AF27629B9E00059A39 /* Resources */ = {
			isa = PBXResourcesBuildPhase;
			buildActionMask = 2147483647;
			files = (
				D29928BC27629BA000059A39 /* Preview Assets.xcassets in Resources */,
				D29928B927629BA000059A39 /* Assets.xcassets in Resources */,
			);
			runOnlyForDeploymentPostprocessing = 0;
		};
		D29928C427629BA000059A39 /* Resources */ = {
			isa = PBXResourcesBuildPhase;
			buildActionMask = 2147483647;
			files = (
			);
			runOnlyForDeploymentPostprocessing = 0;
		};
		D29928CE27629BA000059A39 /* Resources */ = {
			isa = PBXResourcesBuildPhase;
			buildActionMask = 2147483647;
			files = (
			);
			runOnlyForDeploymentPostprocessing = 0;
		};
/* End PBXResourcesBuildPhase section */

/* Begin PBXSourcesBuildPhase section */
		D29928AD27629B9E00059A39 /* Sources */ = {
			isa = PBXSourcesBuildPhase;
			buildActionMask = 2147483647;
			files = (
				D29928EA27629FBB00059A39 /* ProfileView.swift in Sources */,
				D29928F22762C49400059A39 /* AcquireView.swift in Sources */,
				D29928C127629BA000059A39 /* Unico.xcdatamodeld in Sources */,
				D29928EE2762A71B00059A39 /* ChoiceModal.swift in Sources */,
				D2E2B44827689922005A887D /* SubscriptionView.swift in Sources */,
				D29928E627629F4800059A39 /* MainView.swift in Sources */,
				D29928EC2762A61800059A39 /* ColorExtension.swift in Sources */,
				D269A9232769E36900D778E0 /* DataController.swift in Sources */,
				D2B4A0CA27657E2800E6F78A /* QrCodeCameraDelegate.swift in Sources */,
				D2B4A0C627657D0C00E6F78A /* QrCodeScannerView.swift in Sources */,
				D29928E827629FB200059A39 /* RoutesView.swift in Sources */,
				D2B4A0CC27657E5300E6F78A /* CameraPreview.swift in Sources */,
				D27EADEA276B52E90084B751 /* PlaceholderView.swift in Sources */,
				D24C4CF02767438F00296EF8 /* TicketView.swift in Sources */,
				D22DD1682768B6D300558C77 /* SubscriptionPressedView.swift in Sources */,
				D24C4CF227676A5200296EF8 /* PressedView.swift in Sources */,
				D29928B527629B9E00059A39 /* UnicoApp.swift in Sources */,
				D29928F02762C48900059A39 /* BuyView.swift in Sources */,
				D269A9252769FA3000D778E0 /* StringExtension.swift in Sources */,
				D29928E427629C3200059A39 /* TicketsView.swift in Sources */,
			);
			runOnlyForDeploymentPostprocessing = 0;
		};
		D29928C227629BA000059A39 /* Sources */ = {
			isa = PBXSourcesBuildPhase;
			buildActionMask = 2147483647;
			files = (
				D29928CB27629BA000059A39 /* UnicoTests.swift in Sources */,
			);
			runOnlyForDeploymentPostprocessing = 0;
		};
		D29928CC27629BA000059A39 /* Sources */ = {
			isa = PBXSourcesBuildPhase;
			buildActionMask = 2147483647;
			files = (
				D29928D527629BA000059A39 /* UnicoUITests.swift in Sources */,
				D29928D727629BA000059A39 /* UnicoUITestsLaunchTests.swift in Sources */,
			);
			runOnlyForDeploymentPostprocessing = 0;
		};
/* End PBXSourcesBuildPhase section */

/* Begin PBXTargetDependency section */
		D29928C827629BA000059A39 /* PBXTargetDependency */ = {
			isa = PBXTargetDependency;
			target = D29928B027629B9E00059A39 /* Unico */;
			targetProxy = D29928C727629BA000059A39 /* PBXContainerItemProxy */;
		};
		D29928D227629BA000059A39 /* PBXTargetDependency */ = {
			isa = PBXTargetDependency;
			target = D29928B027629B9E00059A39 /* Unico */;
			targetProxy = D29928D127629BA000059A39 /* PBXContainerItemProxy */;
		};
/* End PBXTargetDependency section */

/* Begin XCBuildConfiguration section */
		D29928D827629BA000059A39 /* Debug */ = {
			isa = XCBuildConfiguration;
			buildSettings = {
				ALWAYS_SEARCH_USER_PATHS = NO;
				CLANG_ANALYZER_NONNULL = YES;
				CLANG_ANALYZER_NUMBER_OBJECT_CONVERSION = YES_AGGRESSIVE;
				CLANG_CXX_LANGUAGE_STANDARD = "gnu++17";
				CLANG_CXX_LIBRARY = "libc++";
				CLANG_ENABLE_MODULES = YES;
				CLANG_ENABLE_OBJC_ARC = YES;
				CLANG_ENABLE_OBJC_WEAK = YES;
				CLANG_WARN_BLOCK_CAPTURE_AUTORELEASING = YES;
				CLANG_WARN_BOOL_CONVERSION = YES;
				CLANG_WARN_COMMA = YES;
				CLANG_WARN_CONSTANT_CONVERSION = YES;
				CLANG_WARN_DEPRECATED_OBJC_IMPLEMENTATIONS = YES;
				CLANG_WARN_DIRECT_OBJC_ISA_USAGE = YES_ERROR;
				CLANG_WARN_DOCUMENTATION_COMMENTS = YES;
				CLANG_WARN_EMPTY_BODY = YES;
				CLANG_WARN_ENUM_CONVERSION = YES;
				CLANG_WARN_INFINITE_RECURSION = YES;
				CLANG_WARN_INT_CONVERSION = YES;
				CLANG_WARN_NON_LITERAL_NULL_CONVERSION = YES;
				CLANG_WARN_OBJC_IMPLICIT_RETAIN_SELF = YES;
				CLANG_WARN_OBJC_LITERAL_CONVERSION = YES;
				CLANG_WARN_OBJC_ROOT_CLASS = YES_ERROR;
				CLANG_WARN_QUOTED_INCLUDE_IN_FRAMEWORK_HEADER = YES;
				CLANG_WARN_RANGE_LOOP_ANALYSIS = YES;
				CLANG_WARN_STRICT_PROTOTYPES = YES;
				CLANG_WARN_SUSPICIOUS_MOVE = YES;
				CLANG_WARN_UNGUARDED_AVAILABILITY = YES_AGGRESSIVE;
				CLANG_WARN_UNREACHABLE_CODE = YES;
				CLANG_WARN__DUPLICATE_METHOD_MATCH = YES;
				COPY_PHASE_STRIP = NO;
				DEBUG_INFORMATION_FORMAT = dwarf;
				ENABLE_STRICT_OBJC_MSGSEND = YES;
				ENABLE_TESTABILITY = YES;
				GCC_C_LANGUAGE_STANDARD = gnu11;
				GCC_DYNAMIC_NO_PIC = NO;
				GCC_NO_COMMON_BLOCKS = YES;
				GCC_OPTIMIZATION_LEVEL = 0;
				GCC_PREPROCESSOR_DEFINITIONS = (
					"DEBUG=1",
					"$(inherited)",
				);
				GCC_WARN_64_TO_32_BIT_CONVERSION = YES;
				GCC_WARN_ABOUT_RETURN_TYPE = YES_ERROR;
				GCC_WARN_UNDECLARED_SELECTOR = YES;
				GCC_WARN_UNINITIALIZED_AUTOS = YES_AGGRESSIVE;
				GCC_WARN_UNUSED_FUNCTION = YES;
				GCC_WARN_UNUSED_VARIABLE = YES;
				IPHONEOS_DEPLOYMENT_TARGET = 15.0;
				MTL_ENABLE_DEBUG_INFO = INCLUDE_SOURCE;
				MTL_FAST_MATH = YES;
				ONLY_ACTIVE_ARCH = YES;
				SDKROOT = iphoneos;
				SWIFT_ACTIVE_COMPILATION_CONDITIONS = DEBUG;
				SWIFT_OPTIMIZATION_LEVEL = "-Onone";
			};
			name = Debug;
		};
		D29928D927629BA000059A39 /* Release */ = {
			isa = XCBuildConfiguration;
			buildSettings = {
				ALWAYS_SEARCH_USER_PATHS = NO;
				CLANG_ANALYZER_NONNULL = YES;
				CLANG_ANALYZER_NUMBER_OBJECT_CONVERSION = YES_AGGRESSIVE;
				CLANG_CXX_LANGUAGE_STANDARD = "gnu++17";
				CLANG_CXX_LIBRARY = "libc++";
				CLANG_ENABLE_MODULES = YES;
				CLANG_ENABLE_OBJC_ARC = YES;
				CLANG_ENABLE_OBJC_WEAK = YES;
				CLANG_WARN_BLOCK_CAPTURE_AUTORELEASING = YES;
				CLANG_WARN_BOOL_CONVERSION = YES;
				CLANG_WARN_COMMA = YES;
				CLANG_WARN_CONSTANT_CONVERSION = YES;
				CLANG_WARN_DEPRECATED_OBJC_IMPLEMENTATIONS = YES;
				CLANG_WARN_DIRECT_OBJC_ISA_USAGE = YES_ERROR;
				CLANG_WARN_DOCUMENTATION_COMMENTS = YES;
				CLANG_WARN_EMPTY_BODY = YES;
				CLANG_WARN_ENUM_CONVERSION = YES;
				CLANG_WARN_INFINITE_RECURSION = YES;
				CLANG_WARN_INT_CONVERSION = YES;
				CLANG_WARN_NON_LITERAL_NULL_CONVERSION = YES;
				CLANG_WARN_OBJC_IMPLICIT_RETAIN_SELF = YES;
				CLANG_WARN_OBJC_LITERAL_CONVERSION = YES;
				CLANG_WARN_OBJC_ROOT_CLASS = YES_ERROR;
				CLANG_WARN_QUOTED_INCLUDE_IN_FRAMEWORK_HEADER = YES;
				CLANG_WARN_RANGE_LOOP_ANALYSIS = YES;
				CLANG_WARN_STRICT_PROTOTYPES = YES;
				CLANG_WARN_SUSPICIOUS_MOVE = YES;
				CLANG_WARN_UNGUARDED_AVAILABILITY = YES_AGGRESSIVE;
				CLANG_WARN_UNREACHABLE_CODE = YES;
				CLANG_WARN__DUPLICATE_METHOD_MATCH = YES;
				COPY_PHASE_STRIP = NO;
				DEBUG_INFORMATION_FORMAT = "dwarf-with-dsym";
				ENABLE_NS_ASSERTIONS = NO;
				ENABLE_STRICT_OBJC_MSGSEND = YES;
				GCC_C_LANGUAGE_STANDARD = gnu11;
				GCC_NO_COMMON_BLOCKS = YES;
				GCC_WARN_64_TO_32_BIT_CONVERSION = YES;
				GCC_WARN_ABOUT_RETURN_TYPE = YES_ERROR;
				GCC_WARN_UNDECLARED_SELECTOR = YES;
				GCC_WARN_UNINITIALIZED_AUTOS = YES_AGGRESSIVE;
				GCC_WARN_UNUSED_FUNCTION = YES;
				GCC_WARN_UNUSED_VARIABLE = YES;
				IPHONEOS_DEPLOYMENT_TARGET = 15.0;
				MTL_ENABLE_DEBUG_INFO = NO;
				MTL_FAST_MATH = YES;
				SDKROOT = iphoneos;
				SWIFT_COMPILATION_MODE = wholemodule;
				SWIFT_OPTIMIZATION_LEVEL = "-O";
				VALIDATE_PRODUCT = YES;
			};
			name = Release;
		};
		D29928DB27629BA000059A39 /* Debug */ = {
			isa = XCBuildConfiguration;
			buildSettings = {
				ASSETCATALOG_COMPILER_APPICON_NAME = AppIcon;
				ASSETCATALOG_COMPILER_GLOBAL_ACCENT_COLOR_NAME = AccentColor;
				CODE_SIGN_STYLE = Automatic;
				CURRENT_PROJECT_VERSION = 1;
				DEVELOPMENT_ASSET_PATHS = "\"Unico/Preview Content\"";
				DEVELOPMENT_TEAM = X66WAL58S9;
				ENABLE_PREVIEWS = YES;
				GENERATE_INFOPLIST_FILE = YES;
				INFOPLIST_FILE = Unico/Info.plist;
				INFOPLIST_KEY_NSCameraUsageDescription = "This app needs camera access to scan your tickets.";
				INFOPLIST_KEY_UIApplicationSceneManifest_Generation = YES;
				INFOPLIST_KEY_UIApplicationSupportsIndirectInputEvents = YES;
				INFOPLIST_KEY_UILaunchStoryboardName = unicoLaunchScreen;
				INFOPLIST_KEY_UISupportedInterfaceOrientations = UIInterfaceOrientationPortrait;
				INFOPLIST_KEY_UISupportedInterfaceOrientations_iPad = "UIInterfaceOrientationPortrait UIInterfaceOrientationPortraitUpsideDown UIInterfaceOrientationLandscapeLeft UIInterfaceOrientationLandscapeRight";
				INFOPLIST_KEY_UISupportedInterfaceOrientations_iPhone = UIInterfaceOrientationPortrait;
				INFOPLIST_KEY_UIUserInterfaceStyle = Light;
				LD_RUNPATH_SEARCH_PATHS = (
					"$(inherited)",
					"@executable_path/Frameworks",
				);
				MARKETING_VERSION = 1.0;
				PRODUCT_BUNDLE_IDENTIFIER = alessandrocei.Unico;
				PRODUCT_NAME = "$(TARGET_NAME)";
				SWIFT_EMIT_LOC_STRINGS = YES;
				SWIFT_VERSION = 5.0;
				TARGETED_DEVICE_FAMILY = 1;
			};
			name = Debug;
		};
		D29928DC27629BA000059A39 /* Release */ = {
			isa = XCBuildConfiguration;
			buildSettings = {
				ASSETCATALOG_COMPILER_APPICON_NAME = AppIcon;
				ASSETCATALOG_COMPILER_GLOBAL_ACCENT_COLOR_NAME = AccentColor;
				CODE_SIGN_STYLE = Automatic;
				CURRENT_PROJECT_VERSION = 1;
				DEVELOPMENT_ASSET_PATHS = "\"Unico/Preview Content\"";
				DEVELOPMENT_TEAM = X66WAL58S9;
				ENABLE_PREVIEWS = YES;
				GENERATE_INFOPLIST_FILE = YES;
				INFOPLIST_FILE = Unico/Info.plist;
				INFOPLIST_KEY_NSCameraUsageDescription = "This app needs camera access to scan your tickets.";
				INFOPLIST_KEY_UIApplicationSceneManifest_Generation = YES;
				INFOPLIST_KEY_UIApplicationSupportsIndirectInputEvents = YES;
				INFOPLIST_KEY_UILaunchStoryboardName = unicoLaunchScreen;
				INFOPLIST_KEY_UISupportedInterfaceOrientations = UIInterfaceOrientationPortrait;
				INFOPLIST_KEY_UISupportedInterfaceOrientations_iPad = "UIInterfaceOrientationPortrait UIInterfaceOrientationPortraitUpsideDown UIInterfaceOrientationLandscapeLeft UIInterfaceOrientationLandscapeRight";
				INFOPLIST_KEY_UISupportedInterfaceOrientations_iPhone = UIInterfaceOrientationPortrait;
				INFOPLIST_KEY_UIUserInterfaceStyle = Light;
				LD_RUNPATH_SEARCH_PATHS = (
					"$(inherited)",
					"@executable_path/Frameworks",
				);
				MARKETING_VERSION = 1.0;
				PRODUCT_BUNDLE_IDENTIFIER = alessandrocei.Unico;
				PRODUCT_NAME = "$(TARGET_NAME)";
				SWIFT_EMIT_LOC_STRINGS = YES;
				SWIFT_VERSION = 5.0;
				TARGETED_DEVICE_FAMILY = 1;
			};
			name = Release;
		};
		D29928DE27629BA000059A39 /* Debug */ = {
			isa = XCBuildConfiguration;
			buildSettings = {
				ALWAYS_EMBED_SWIFT_STANDARD_LIBRARIES = YES;
				BUNDLE_LOADER = "$(TEST_HOST)";
				CODE_SIGN_STYLE = Automatic;
				CURRENT_PROJECT_VERSION = 1;
				DEVELOPMENT_TEAM = X66WAL58S9;
				GENERATE_INFOPLIST_FILE = YES;
				IPHONEOS_DEPLOYMENT_TARGET = 15.0;
				LD_RUNPATH_SEARCH_PATHS = (
					"$(inherited)",
					"@executable_path/Frameworks",
					"@loader_path/Frameworks",
				);
				MARKETING_VERSION = 1.0;
				PRODUCT_BUNDLE_IDENTIFIER = alessandrocei.UnicoTests;
				PRODUCT_NAME = "$(TARGET_NAME)";
				SWIFT_EMIT_LOC_STRINGS = NO;
				SWIFT_VERSION = 5.0;
				TARGETED_DEVICE_FAMILY = "1,2";
				TEST_HOST = "$(BUILT_PRODUCTS_DIR)/Unico.app/Unico";
			};
			name = Debug;
		};
		D29928DF27629BA000059A39 /* Release */ = {
			isa = XCBuildConfiguration;
			buildSettings = {
				ALWAYS_EMBED_SWIFT_STANDARD_LIBRARIES = YES;
				BUNDLE_LOADER = "$(TEST_HOST)";
				CODE_SIGN_STYLE = Automatic;
				CURRENT_PROJECT_VERSION = 1;
				DEVELOPMENT_TEAM = X66WAL58S9;
				GENERATE_INFOPLIST_FILE = YES;
				IPHONEOS_DEPLOYMENT_TARGET = 15.0;
				LD_RUNPATH_SEARCH_PATHS = (
					"$(inherited)",
					"@executable_path/Frameworks",
					"@loader_path/Frameworks",
				);
				MARKETING_VERSION = 1.0;
				PRODUCT_BUNDLE_IDENTIFIER = alessandrocei.UnicoTests;
				PRODUCT_NAME = "$(TARGET_NAME)";
				SWIFT_EMIT_LOC_STRINGS = NO;
				SWIFT_VERSION = 5.0;
				TARGETED_DEVICE_FAMILY = "1,2";
				TEST_HOST = "$(BUILT_PRODUCTS_DIR)/Unico.app/Unico";
			};
			name = Release;
		};
		D29928E127629BA000059A39 /* Debug */ = {
			isa = XCBuildConfiguration;
			buildSettings = {
				ALWAYS_EMBED_SWIFT_STANDARD_LIBRARIES = YES;
				CODE_SIGN_STYLE = Automatic;
				CURRENT_PROJECT_VERSION = 1;
				DEVELOPMENT_TEAM = X66WAL58S9;
				GENERATE_INFOPLIST_FILE = YES;
				LD_RUNPATH_SEARCH_PATHS = (
					"$(inherited)",
					"@executable_path/Frameworks",
					"@loader_path/Frameworks",
				);
				MARKETING_VERSION = 1.0;
				PRODUCT_BUNDLE_IDENTIFIER = alessandrocei.UnicoUITests;
				PRODUCT_NAME = "$(TARGET_NAME)";
				SWIFT_EMIT_LOC_STRINGS = NO;
				SWIFT_VERSION = 5.0;
				TARGETED_DEVICE_FAMILY = "1,2";
				TEST_TARGET_NAME = Unico;
			};
			name = Debug;
		};
		D29928E227629BA000059A39 /* Release */ = {
			isa = XCBuildConfiguration;
			buildSettings = {
				ALWAYS_EMBED_SWIFT_STANDARD_LIBRARIES = YES;
				CODE_SIGN_STYLE = Automatic;
				CURRENT_PROJECT_VERSION = 1;
				DEVELOPMENT_TEAM = X66WAL58S9;
				GENERATE_INFOPLIST_FILE = YES;
				LD_RUNPATH_SEARCH_PATHS = (
					"$(inherited)",
					"@executable_path/Frameworks",
					"@loader_path/Frameworks",
				);
				MARKETING_VERSION = 1.0;
				PRODUCT_BUNDLE_IDENTIFIER = alessandrocei.UnicoUITests;
				PRODUCT_NAME = "$(TARGET_NAME)";
				SWIFT_EMIT_LOC_STRINGS = NO;
				SWIFT_VERSION = 5.0;
				TARGETED_DEVICE_FAMILY = "1,2";
				TEST_TARGET_NAME = Unico;
			};
			name = Release;
		};
/* End XCBuildConfiguration section */

/* Begin XCConfigurationList section */
		D29928AC27629B9E00059A39 /* Build configuration list for PBXProject "Unico" */ = {
			isa = XCConfigurationList;
			buildConfigurations = (
				D29928D827629BA000059A39 /* Debug */,
				D29928D927629BA000059A39 /* Release */,
			);
			defaultConfigurationIsVisible = 0;
			defaultConfigurationName = Release;
		};
		D29928DA27629BA000059A39 /* Build configuration list for PBXNativeTarget "Unico" */ = {
			isa = XCConfigurationList;
			buildConfigurations = (
				D29928DB27629BA000059A39 /* Debug */,
				D29928DC27629BA000059A39 /* Release */,
			);
			defaultConfigurationIsVisible = 0;
			defaultConfigurationName = Release;
		};
		D29928DD27629BA000059A39 /* Build configuration list for PBXNativeTarget "UnicoTests" */ = {
			isa = XCConfigurationList;
			buildConfigurations = (
				D29928DE27629BA000059A39 /* Debug */,
				D29928DF27629BA000059A39 /* Release */,
			);
			defaultConfigurationIsVisible = 0;
			defaultConfigurationName = Release;
		};
		D29928E027629BA000059A39 /* Build configuration list for PBXNativeTarget "UnicoUITests" */ = {
			isa = XCConfigurationList;
			buildConfigurations = (
				D29928E127629BA000059A39 /* Debug */,
				D29928E227629BA000059A39 /* Release */,
			);
			defaultConfigurationIsVisible = 0;
			defaultConfigurationName = Release;
		};
/* End XCConfigurationList section */

/* Begin XCVersionGroup section */
		D29928BF27629BA000059A39 /* Unico.xcdatamodeld */ = {
			isa = XCVersionGroup;
			children = (
				D29928C027629BA000059A39 /* Unico.xcdatamodel */,
			);
			currentVersion = D29928C027629BA000059A39 /* Unico.xcdatamodel */;
			path = Unico.xcdatamodeld;
			sourceTree = "<group>";
			versionGroupType = wrapper.xcdatamodel;
		};
/* End XCVersionGroup section */
	};
	rootObject = D29928A927629B9E00059A39 /* Project object */;
}
